
Microsoft Visual Studio Solution File, Format Version 12.00
Project("{FAE04EC0-301F-11D3-BF4B-00C04F79EFBC}") = "While_Foreach", "While_Foreach\While_Foreach.csproj", "{1D66B0D0-737B-4EF3-8A76-8E8CCEF519E6}"
EndProject
Global
	GlobalSection(SolutionConfigurationPlatforms) = preSolution
		Debug|Any CPU = Debug|Any CPU
		Release|Any CPU = Release|Any CPU
	EndGlobalSection
	GlobalSection(ProjectConfigurationPlatforms) = postSolution
		{1D66B0D0-737B-4EF3-8A76-8E8CCEF519E6}.Debug|Any CPU.ActiveCfg = Debug|Any CPU
		{1D66B0D0-737B-4EF3-8A76-8E8CCEF519E6}.Debug|Any CPU.Build.0 = Debug|Any CPU
		{1D66B0D0-737B-4EF3-8A76-8E8CCEF519E6}.Release|Any CPU.ActiveCfg = Release|Any CPU
		{1D66B0D0-737B-4EF3-8A76-8E8CCEF519E6}.Release|Any CPU.Build.0 = Release|Any CPU
	EndGlobalSection
EndGlobal
